// !$*UTF8*$!
{
	archiveVersion = 1;
	classes = {
	};
	objectVersion = 46;
	objects = {

/* Begin PBXBuildFile section */
		90896A181E578A2E0097D02D /* AppDelegate.swift in Sources */ = {isa = PBXBuildFile; fileRef = 90896A171E578A2E0097D02D /* AppDelegate.swift */; };
		90896A1A1E578A2E0097D02D /* ViewController.swift in Sources */ = {isa = PBXBuildFile; fileRef = 90896A191E578A2E0097D02D /* ViewController.swift */; };
		90896A1D1E578A2E0097D02D /* Main.storyboard in Resources */ = {isa = PBXBuildFile; fileRef = 90896A1B1E578A2E0097D02D /* Main.storyboard */; };
		90896A1F1E578A2E0097D02D /* Assets.xcassets in Resources */ = {isa = PBXBuildFile; fileRef = 90896A1E1E578A2E0097D02D /* Assets.xcassets */; };
		90896A221E578A2E0097D02D /* LaunchScreen.storyboard in Resources */ = {isa = PBXBuildFile; fileRef = 90896A201E578A2E0097D02D /* LaunchScreen.storyboard */; };
		90896A2D1E578A2E0097D02D /* jenkinsTestTests.swift in Sources */ = {isa = PBXBuildFile; fileRef = 90896A2C1E578A2E0097D02D /* jenkinsTestTests.swift */; };
		90896A381E578A2E0097D02D /* jenkinsTestUITests.swift in Sources */ = {isa = PBXBuildFile; fileRef = 90896A371E578A2E0097D02D /* jenkinsTestUITests.swift */; };
/* End PBXBuildFile section */

/* Begin PBXContainerItemProxy section */
		90896A291E578A2E0097D02D /* PBXContainerItemProxy */ = {
			isa = PBXContainerItemProxy;
			containerPortal = 90896A0C1E578A2E0097D02D /* Project object */;
			proxyType = 1;
			remoteGlobalIDString = 90896A131E578A2E0097D02D;
			remoteInfo = jenkinsTest;
		};
		90896A341E578A2E0097D02D /* PBXContainerItemProxy */ = {
			isa = PBXContainerItemProxy;
			containerPortal = 90896A0C1E578A2E0097D02D /* Project object */;
			proxyType = 1;
			remoteGlobalIDString = 90896A131E578A2E0097D02D;
			remoteInfo = jenkinsTest;
		};
/* End PBXContainerItemProxy section */

/* Begin PBXFileReference section */
		90896A141E578A2E0097D02D /* jenkinsTest.app */ = {isa = PBXFileReference; explicitFileType = wrapper.application; includeInIndex = 0; path = jenkinsTest.app; sourceTree = BUILT_PRODUCTS_DIR; };
		90896A171E578A2E0097D02D /* AppDelegate.swift */ = {isa = PBXFileReference; lastKnownFileType = sourcecode.swift; path = AppDelegate.swift; sourceTree = "<group>"; };
		90896A191E578A2E0097D02D /* ViewController.swift */ = {isa = PBXFileReference; lastKnownFileType = sourcecode.swift; path = ViewController.swift; sourceTree = "<group>"; };
		90896A1C1E578A2E0097D02D /* Base */ = {isa = PBXFileReference; lastKnownFileType = file.storyboard; name = Base; path = Base.lproj/Main.storyboard; sourceTree = "<group>"; };
		90896A1E1E578A2E0097D02D /* Assets.xcassets */ = {isa = PBXFileReference; lastKnownFileType = folder.assetcatalog; path = Assets.xcassets; sourceTree = "<group>"; };
		90896A211E578A2E0097D02D /* Base */ = {isa = PBXFileReference; lastKnownFileType = file.storyboard; name = Base; path = Base.lproj/LaunchScreen.storyboard; sourceTree = "<group>"; };
		90896A231E578A2E0097D02D /* Info.plist */ = {isa = PBXFileReference; lastKnownFileType = text.plist.xml; path = Info.plist; sourceTree = "<group>"; };
		90896A281E578A2E0097D02D /* jenkinsTestTests.xctest */ = {isa = PBXFileReference; explicitFileType = wrapper.cfbundle; includeInIndex = 0; path = jenkinsTestTests.xctest; sourceTree = BUILT_PRODUCTS_DIR; };
		90896A2C1E578A2E0097D02D /* jenkinsTestTests.swift */ = {isa = PBXFileReference; lastKnownFileType = sourcecode.swift; path = jenkinsTestTests.swift; sourceTree = "<group>"; };
		90896A2E1E578A2E0097D02D /* Info.plist */ = {isa = PBXFileReference; lastKnownFileType = text.plist.xml; path = Info.plist; sourceTree = "<group>"; };
		90896A331E578A2E0097D02D /* jenkinsTestUITests.xctest */ = {isa = PBXFileReference; explicitFileType = wrapper.cfbundle; includeInIndex = 0; path = jenkinsTestUITests.xctest; sourceTree = BUILT_PRODUCTS_DIR; };
		90896A371E578A2E0097D02D /* jenkinsTestUITests.swift */ = {isa = PBXFileReference; lastKnownFileType = sourcecode.swift; path = jenkinsTestUITests.swift; sourceTree = "<group>"; };
		90896A391E578A2E0097D02D /* Info.plist */ = {isa = PBXFileReference; lastKnownFileType = text.plist.xml; path = Info.plist; sourceTree = "<group>"; };
/* End PBXFileReference section */

/* Begin PBXFrameworksBuildPhase section */
		90896A111E578A2E0097D02D /* Frameworks */ = {
			isa = PBXFrameworksBuildPhase;
			buildActionMask = 2147483647;
			files = (
			);
			runOnlyForDeploymentPostprocessing = 0;
		};
		90896A251E578A2E0097D02D /* Frameworks */ = {
			isa = PBXFrameworksBuildPhase;
			buildActionMask = 2147483647;
			files = (
			);
			runOnlyForDeploymentPostprocessing = 0;
		};
		90896A301E578A2E0097D02D /* Frameworks */ = {
			isa = PBXFrameworksBuildPhase;
			buildActionMask = 2147483647;
			files = (
			);
			runOnlyForDeploymentPostprocessing = 0;
		};
/* End PBXFrameworksBuildPhase section */

/* Begin PBXGroup section */
		90896A0B1E578A2E0097D02D = {
			isa = PBXGroup;
			children = (
				90896A161E578A2E0097D02D /* jenkinsTest */,
				90896A2B1E578A2E0097D02D /* jenkinsTestTests */,
				90896A361E578A2E0097D02D /* jenkinsTestUITests */,
				90896A151E578A2E0097D02D /* Products */,
			);
			sourceTree = "<group>";
		};
		90896A151E578A2E0097D02D /* Products */ = {
			isa = PBXGroup;
			children = (
				90896A141E578A2E0097D02D /* jenkinsTest.app */,
				90896A281E578A2E0097D02D /* jenkinsTestTests.xctest */,
				90896A331E578A2E0097D02D /* jenkinsTestUITests.xctest */,
			);
			name = Products;
			sourceTree = "<group>";
		};
		90896A161E578A2E0097D02D /* jenkinsTest */ = {
			isa = PBXGroup;
			children = (
				90896A171E578A2E0097D02D /* AppDelegate.swift */,
				90896A191E578A2E0097D02D /* ViewController.swift */,
				90896A1B1E578A2E0097D02D /* Main.storyboard */,
				90896A1E1E578A2E0097D02D /* Assets.xcassets */,
				90896A201E578A2E0097D02D /* LaunchScreen.storyboard */,
				90896A231E578A2E0097D02D /* Info.plist */,
			);
			path = jenkinsTest;
			sourceTree = "<group>";
		};
		90896A2B1E578A2E0097D02D /* jenkinsTestTests */ = {
			isa = PBXGroup;
			children = (
				90896A2C1E578A2E0097D02D /* jenkinsTestTests.swift */,
				90896A2E1E578A2E0097D02D /* Info.plist */,
			);
			path = jenkinsTestTests;
			sourceTree = "<group>";
		};
		90896A361E578A2E0097D02D /* jenkinsTestUITests */ = {
			isa = PBXGroup;
			children = (
				90896A371E578A2E0097D02D /* jenkinsTestUITests.swift */,
				90896A391E578A2E0097D02D /* Info.plist */,
			);
			path = jenkinsTestUITests;
			sourceTree = "<group>";
		};
/* End PBXGroup section */

/* Begin PBXNativeTarget section */
		90896A131E578A2E0097D02D /* jenkinsTest */ = {
			isa = PBXNativeTarget;
			buildConfigurationList = 90896A3C1E578A2E0097D02D /* Build configuration list for PBXNativeTarget "jenkinsTest" */;
			buildPhases = (
				90896A101E578A2E0097D02D /* Sources */,
				90896A111E578A2E0097D02D /* Frameworks */,
				90896A121E578A2E0097D02D /* Resources */,
			);
			buildRules = (
			);
			dependencies = (
			);
			name = jenkinsTest;
			productName = jenkinsTest;
			productReference = 90896A141E578A2E0097D02D /* jenkinsTest.app */;
			productType = "com.apple.product-type.application";
		};
		90896A271E578A2E0097D02D /* jenkinsTestTests */ = {
			isa = PBXNativeTarget;
			buildConfigurationList = 90896A3F1E578A2E0097D02D /* Build configuration list for PBXNativeTarget "jenkinsTestTests" */;
			buildPhases = (
				90896A241E578A2E0097D02D /* Sources */,
				90896A251E578A2E0097D02D /* Frameworks */,
				90896A261E578A2E0097D02D /* Resources */,
			);
			buildRules = (
			);
			dependencies = (
				90896A2A1E578A2E0097D02D /* PBXTargetDependency */,
			);
			name = jenkinsTestTests;
			productName = jenkinsTestTests;
			productReference = 90896A281E578A2E0097D02D /* jenkinsTestTests.xctest */;
			productType = "com.apple.product-type.bundle.unit-test";
		};
		90896A321E578A2E0097D02D /* jenkinsTestUITests */ = {
			isa = PBXNativeTarget;
			buildConfigurationList = 90896A421E578A2E0097D02D /* Build configuration list for PBXNativeTarget "jenkinsTestUITests" */;
			buildPhases = (
				90896A2F1E578A2E0097D02D /* Sources */,
				90896A301E578A2E0097D02D /* Frameworks */,
				90896A311E578A2E0097D02D /* Resources */,
			);
			buildRules = (
			);
			dependencies = (
				90896A351E578A2E0097D02D /* PBXTargetDependency */,
			);
			name = jenkinsTestUITests;
			productName = jenkinsTestUITests;
			productReference = 90896A331E578A2E0097D02D /* jenkinsTestUITests.xctest */;
			productType = "com.apple.product-type.bundle.ui-testing";
		};
/* End PBXNativeTarget section */

/* Begin PBXProject section */
		90896A0C1E578A2E0097D02D /* Project object */ = {
			isa = PBXProject;
			attributes = {
				LastSwiftUpdateCheck = 0820;
				LastUpgradeCheck = 0820;
				ORGANIZATIONNAME = "Somesan, Adrian Gabriel";
				TargetAttributes = {
					90896A131E578A2E0097D02D = {
						CreatedOnToolsVersion = 8.2.1;
						DevelopmentTeam = D7K5772K26;
						ProvisioningStyle = Automatic;
					};
					90896A271E578A2E0097D02D = {
						CreatedOnToolsVersion = 8.2.1;
						DevelopmentTeam = D7K5772K26;
						ProvisioningStyle = Automatic;
						TestTargetID = 90896A131E578A2E0097D02D;
					};
					90896A321E578A2E0097D02D = {
						CreatedOnToolsVersion = 8.2.1;
						DevelopmentTeam = D7K5772K26;
						ProvisioningStyle = Automatic;
						TestTargetID = 90896A131E578A2E0097D02D;
					};
				};
			};
			buildConfigurationList = 90896A0F1E578A2E0097D02D /* Build configuration list for PBXProject "jenkinsTest" */;
			compatibilityVersion = "Xcode 3.2";
			developmentRegion = English;
			hasScannedForEncodings = 0;
			knownRegions = (
				en,
				Base,
			);
			mainGroup = 90896A0B1E578A2E0097D02D;
			productRefGroup = 90896A151E578A2E0097D02D /* Products */;
			projectDirPath = "";
			projectRoot = "";
			targets = (
				90896A131E578A2E0097D02D /* jenkinsTest */,
				90896A271E578A2E0097D02D /* jenkinsTestTests */,
				90896A321E578A2E0097D02D /* jenkinsTestUITests */,
			);
		};
/* End PBXProject section */

/* Begin PBXResourcesBuildPhase section */
		90896A121E578A2E0097D02D /* Resources */ = {
			isa = PBXResourcesBuildPhase;
			buildActionMask = 2147483647;
			files = (
				90896A221E578A2E0097D02D /* LaunchScreen.storyboard in Resources */,
				90896A1F1E578A2E0097D02D /* Assets.xcassets in Resources */,
				90896A1D1E578A2E0097D02D /* Main.storyboard in Resources */,
			);
			runOnlyForDeploymentPostprocessing = 0;
		};
		90896A261E578A2E0097D02D /* Resources */ = {
			isa = PBXResourcesBuildPhase;
			buildActionMask = 2147483647;
			files = (
			);
			runOnlyForDeploymentPostprocessing = 0;
		};
		90896A311E578A2E0097D02D /* Resources */ = {
			isa = PBXResourcesBuildPhase;
			buildActionMask = 2147483647;
			files = (
			);
			runOnlyForDeploymentPostprocessing = 0;
		};
/* End PBXResourcesBuildPhase section */

/* Begin PBXSourcesBuildPhase section */
		90896A101E578A2E0097D02D /* Sources */ = {
			isa = PBXSourcesBuildPhase;
			buildActionMask = 2147483647;
			files = (
				90896A1A1E578A2E0097D02D /* ViewController.swift in Sources */,
				90896A181E578A2E0097D02D /* AppDelegate.swift in Sources */,
			);
			runOnlyForDeploymentPostprocessing = 0;
		};
		90896A241E578A2E0097D02D /* Sources */ = {
			isa = PBXSourcesBuildPhase;
			buildActionMask = 2147483647;
			files = (
				90896A2D1E578A2E0097D02D /* jenkinsTestTests.swift in Sources */,
			);
			runOnlyForDeploymentPostprocessing = 0;
		};
		90896A2F1E578A2E0097D02D /* Sources */ = {
			isa = PBXSourcesBuildPhase;
			buildActionMask = 2147483647;
			files = (
				90896A381E578A2E0097D02D /* jenkinsTestUITests.swift in Sources */,
			);
			runOnlyForDeploymentPostprocessing = 0;
		};
/* End PBXSourcesBuildPhase section */

/* Begin PBXTargetDependency section */
		90896A2A1E578A2E0097D02D /* PBXTargetDependency */ = {
			isa = PBXTargetDependency;
			target = 90896A131E578A2E0097D02D /* jenkinsTest */;
			targetProxy = 90896A291E578A2E0097D02D /* PBXContainerItemProxy */;
		};
		90896A351E578A2E0097D02D /* PBXTargetDependency */ = {
			isa = PBXTargetDependency;
			target = 90896A131E578A2E0097D02D /* jenkinsTest */;
			targetProxy = 90896A341E578A2E0097D02D /* PBXContainerItemProxy */;
		};
/* End PBXTargetDependency section */

/* Begin PBXVariantGroup section */
		90896A1B1E578A2E0097D02D /* Main.storyboard */ = {
			isa = PBXVariantGroup;
			children = (
				90896A1C1E578A2E0097D02D /* Base */,
			);
			name = Main.storyboard;
			sourceTree = "<group>";
		};
		90896A201E578A2E0097D02D /* LaunchScreen.storyboard */ = {
			isa = PBXVariantGroup;
			children = (
				90896A211E578A2E0097D02D /* Base */,
			);
			name = LaunchScreen.storyboard;
			sourceTree = "<group>";
		};
/* End PBXVariantGroup section */

/* Begin XCBuildConfiguration section */
		90896A3A1E578A2E0097D02D /* Debug */ = {
			isa = XCBuildConfiguration;
			buildSettings = {
				ALWAYS_SEARCH_USER_PATHS = NO;
				CLANG_ANALYZER_NONNULL = YES;
				CLANG_CXX_LANGUAGE_STANDARD = "gnu++0x";
				CLANG_CXX_LIBRARY = "libc++";
				CLANG_ENABLE_MODULES = YES;
				CLANG_ENABLE_OBJC_ARC = YES;
				CLANG_WARN_BOOL_CONVERSION = YES;
				CLANG_WARN_CONSTANT_CONVERSION = YES;
				CLANG_WARN_DIRECT_OBJC_ISA_USAGE = YES_ERROR;
				CLANG_WARN_DOCUMENTATION_COMMENTS = YES;
				CLANG_WARN_EMPTY_BODY = YES;
				CLANG_WARN_ENUM_CONVERSION = YES;
				CLANG_WARN_INFINITE_RECURSION = YES;
				CLANG_WARN_INT_CONVERSION = YES;
				CLANG_WARN_OBJC_ROOT_CLASS = YES_ERROR;
				CLANG_WARN_SUSPICIOUS_MOVE = YES;
				CLANG_WARN_UNREACHABLE_CODE = YES;
				CLANG_WARN__DUPLICATE_METHOD_MATCH = YES;
				"CODE_SIGN_IDENTITY[sdk=iphoneos*]" = "iPhone Developer";
				COPY_PHASE_STRIP = NO;
				DEBUG_INFORMATION_FORMAT = dwarf;
				ENABLE_STRICT_OBJC_MSGSEND = YES;
				ENABLE_TESTABILITY = YES;
				GCC_C_LANGUAGE_STANDARD = gnu99;
				GCC_DYNAMIC_NO_PIC = NO;
				GCC_NO_COMMON_BLOCKS = YES;
				GCC_OPTIMIZATION_LEVEL = 0;
				GCC_PREPROCESSOR_DEFINITIONS = (
					"DEBUG=1",
					"$(inherited)",
				);
				GCC_WARN_64_TO_32_BIT_CONVERSION = YES;
				GCC_WARN_ABOUT_RETURN_TYPE = YES_ERROR;
				GCC_WARN_UNDECLARED_SELECTOR = YES;
				GCC_WARN_UNINITIALIZED_AUTOS = YES_AGGRESSIVE;
				GCC_WARN_UNUSED_FUNCTION = YES;
				GCC_WARN_UNUSED_VARIABLE = YES;
				IPHONEOS_DEPLOYMENT_TARGET = 10.2;
				MTL_ENABLE_DEBUG_INFO = YES;
				ONLY_ACTIVE_ARCH = YES;
				SDKROOT = iphoneos;
				SWIFT_ACTIVE_COMPILATION_CONDITIONS = DEBUG;
				SWIFT_OPTIMIZATION_LEVEL = "-Onone";
				TARGETED_DEVICE_FAMILY = "1,2";
			};
			name = Debug;
		};
		90896A3B1E578A2E0097D02D /* Release */ = {
			isa = XCBuildConfiguration;
			buildSettings = {
				ALWAYS_SEARCH_USER_PATHS = NO;
				CLANG_ANALYZER_NONNULL = YES;
				CLANG_CXX_LANGUAGE_STANDARD = "gnu++0x";
				CLANG_CXX_LIBRARY = "libc++";
				CLANG_ENABLE_MODULES = YES;
				CLANG_ENABLE_OBJC_ARC = YES;
				CLANG_WARN_BOOL_CONVERSION = YES;
				CLANG_WARN_CONSTANT_CONVERSION = YES;
				CLANG_WARN_DIRECT_OBJC_ISA_USAGE = YES_ERROR;
				CLANG_WARN_DOCUMENTATION_COMMENTS = YES;
				CLANG_WARN_EMPTY_BODY = YES;
				CLANG_WARN_ENUM_CONVERSION = YES;
				CLANG_WARN_INFINITE_RECURSION = YES;
				CLANG_WARN_INT_CONVERSION = YES;
				CLANG_WARN_OBJC_ROOT_CLASS = YES_ERROR;
				CLANG_WARN_SUSPICIOUS_MOVE = YES;
				CLANG_WARN_UNREACHABLE_CODE = YES;
				CLANG_WARN__DUPLICATE_METHOD_MATCH = YES;
				"CODE_SIGN_IDENTITY[sdk=iphoneos*]" = "iPhone Developer";
				COPY_PHASE_STRIP = NO;
				DEBUG_INFORMATION_FORMAT = "dwarf-with-dsym";
				ENABLE_NS_ASSERTIONS = NO;
				ENABLE_STRICT_OBJC_MSGSEND = YES;
				GCC_C_LANGUAGE_STANDARD = gnu99;
				GCC_NO_COMMON_BLOCKS = YES;
				GCC_WARN_64_TO_32_BIT_CONVERSION = YES;
				GCC_WARN_ABOUT_RETURN_TYPE = YES_ERROR;
				GCC_WARN_UNDECLARED_SELECTOR = YES;
				GCC_WARN_UNINITIALIZED_AUTOS = YES_AGGRESSIVE;
				GCC_WARN_UNUSED_FUNCTION = YES;
				GCC_WARN_UNUSED_VARIABLE = YES;
				IPHONEOS_DEPLOYMENT_TARGET = 10.2;
				MTL_ENABLE_DEBUG_INFO = NO;
				SDKROOT = iphoneos;
				SWIFT_OPTIMIZATION_LEVEL = "-Owholemodule";
				TARGETED_DEVICE_FAMILY = "1,2";
				VALIDATE_PRODUCT = YES;
			};
			name = Release;
		};
		90896A3D1E578A2E0097D02D /* Debug */ = {
			isa = XCBuildConfiguration;
			buildSettings = {
				ASSETCATALOG_COMPILER_APPICON_NAME = AppIcon;
				DEVELOPMENT_TEAM = D7K5772K26;
				INFOPLIST_FILE = jenkinsTest/Info.plist;
				LD_RUNPATH_SEARCH_PATHS = "$(inherited) @executable_path/Frameworks";
				PRODUCT_BUNDLE_IDENTIFIER = com.adrian.jenkins.jenkinsTest;
				PRODUCT_NAME = "$(TARGET_NAME)";
				SWIFT_VERSION = 3.0;
			};
			name = Debug;
		};
		90896A3E1E578A2E0097D02D /* Release */ = {
			isa = XCBuildConfiguration;
			buildSettings = {
				ASSETCATALOG_COMPILER_APPICON_NAME = AppIcon;
				DEVELOPMENT_TEAM = D7K5772K26;
				INFOPLIST_FILE = jenkinsTest/Info.plist;
				LD_RUNPATH_SEARCH_PATHS = "$(inherited) @executable_path/Frameworks";
				PRODUCT_BUNDLE_IDENTIFIER = com.adrian.jenkins.jenkinsTest;
				PRODUCT_NAME = "$(TARGET_NAME)";
				SWIFT_VERSION = 3.0;
			};
			name = Release;
		};
		90896A401E578A2E0097D02D /* Debug */ = {
			isa = XCBuildConfiguration;
			buildSettings = {
				ALWAYS_EMBED_SWIFT_STANDARD_LIBRARIES = YES;
				BUNDLE_LOADER = "$(TEST_HOST)";
				DEVELOPMENT_TEAM = D7K5772K26;
				INFOPLIST_FILE = jenkinsTestTests/Info.plist;
				LD_RUNPATH_SEARCH_PATHS = "$(inherited) @executable_path/Frameworks @loader_path/Frameworks";
				PRODUCT_BUNDLE_IDENTIFIER = com.adrian.jenkins.jenkinsTestTests;
				PRODUCT_NAME = "$(TARGET_NAME)";
				SWIFT_VERSION = 3.0;
				TEST_HOST = "$(BUILT_PRODUCTS_DIR)/jenkinsTest.app/jenkinsTest";
			};
			name = Debug;
		};
		90896A411E578A2E0097D02D /* Release */ = {
			isa = XCBuildConfiguration;
			buildSettings = {
				ALWAYS_EMBED_SWIFT_STANDARD_LIBRARIES = YES;
				BUNDLE_LOADER = "$(TEST_HOST)";
				DEVELOPMENT_TEAM = D7K5772K26;
				INFOPLIST_FILE = jenkinsTestTests/Info.plist;
				LD_RUNPATH_SEARCH_PATHS = "$(inherited) @executable_path/Frameworks @loader_path/Frameworks";
				PRODUCT_BUNDLE_IDENTIFIER = com.adrian.jenkins.jenkinsTestTests;
				PRODUCT_NAME = "$(TARGET_NAME)";
				SWIFT_VERSION = 3.0;
				TEST_HOST = "$(BUILT_PRODUCTS_DIR)/jenkinsTest.app/jenkinsTest";
			};
			name = Release;
		};
		90896A431E578A2E0097D02D /* Debug */ = {
			isa = XCBuildConfiguration;
			buildSettings = {
				ALWAYS_EMBED_SWIFT_STANDARD_LIBRARIES = YES;
				DEVELOPMENT_TEAM = D7K5772K26;
				INFOPLIST_FILE = jenkinsTestUITests/Info.plist;
				LD_RUNPATH_SEARCH_PATHS = "$(inherited) @executable_path/Frameworks @loader_path/Frameworks";
				PRODUCT_BUNDLE_IDENTIFIER = com.adrian.jenkins.jenkinsTestUITests;
				PRODUCT_NAME = "$(TARGET_NAME)";
				SWIFT_VERSION = 3.0;
				TEST_TARGET_NAME = jenkinsTest;
			};
			name = Debug;
		};
		90896A441E578A2E0097D02D /* Release */ = {
			isa = XCBuildConfiguration;
			buildSettings = {
				ALWAYS_EMBED_SWIFT_STANDARD_LIBRARIES = YES;
				DEVELOPMENT_TEAM = D7K5772K26;
				INFOPLIST_FILE = jenkinsTestUITests/Info.plist;
				LD_RUNPATH_SEARCH_PATHS = "$(inherited) @executable_path/Frameworks @loader_path/Frameworks";
				PRODUCT_BUNDLE_IDENTIFIER = com.adrian.jenkins.jenkinsTestUITests;
				PRODUCT_NAME = "$(TARGET_NAME)";
				SWIFT_VERSION = 3.0;
				TEST_TARGET_NAME = jenkinsTest;
			};
			name = Release;
		};
/* End XCBuildConfiguration section */

/* Begin XCConfigurationList section */
		90896A0F1E578A2E0097D02D /* Build configuration list for PBXProject "jenkinsTest" */ = {
			isa = XCConfigurationList;
			buildConfigurations = (
				90896A3A1E578A2E0097D02D /* Debug */,
				90896A3B1E578A2E0097D02D /* Release */,
			);
			defaultConfigurationIsVisible = 0;
			defaultConfigurationName = Release;
		};
		90896A3C1E578A2E0097D02D /* Build configuration list for PBXNativeTarget "jenkinsTest" */ = {
			isa = XCConfigurationList;
			buildConfigurations = (
				90896A3D1E578A2E0097D02D /* Debug */,
				90896A3E1E578A2E0097D02D /* Release */,
			);
			defaultConfigurationIsVisible = 0;
		};
		90896A3F1E578A2E0097D02D /* Build configuration list for PBXNativeTarget "jenkinsTestTests" */ = {
			isa = XCConfigurationList;
			buildConfigurations = (
				90896A401E578A2E0097D02D /* Debug */,
				90896A411E578A2E0097D02D /* Release */,
			);
			defaultConfigurationIsVisible = 0;
		};
		90896A421E578A2E0097D02D /* Build configuration list for PBXNativeTarget "jenkinsTestUITests" */ = {
			isa = XCConfigurationList;
			buildConfigurations = (
				90896A431E578A2E0097D02D /* Debug */,
				90896A441E578A2E0097D02D /* Release */,
			);
			defaultConfigurationIsVisible = 0;
		};
/* End XCConfigurationList section */
	};
	rootObject = 90896A0C1E578A2E0097D02D /* Project object */;
}
